// !$*UTF8*$!
{
	archiveVersion = 1;
	classes = {
	};
	objectVersion = 50;
	objects = {

/* Begin PBXBuildFile section */
		82DF86CE21EF780A00A9E13A /* AppDelegate.swift in Sources */ = {isa = PBXBuildFile; fileRef = 82DF86CD21EF780A00A9E13A /* AppDelegate.swift */; };
		82DF86D321EF780A00A9E13A /* Main.storyboard in Resources */ = {isa = PBXBuildFile; fileRef = 82DF86D121EF780A00A9E13A /* Main.storyboard */; };
		82DF86D521EF780B00A9E13A /* Assets.xcassets in Resources */ = {isa = PBXBuildFile; fileRef = 82DF86D421EF780B00A9E13A /* Assets.xcassets */; };
		82DF86D821EF780B00A9E13A /* LaunchScreen.storyboard in Resources */ = {isa = PBXBuildFile; fileRef = 82DF86D621EF780B00A9E13A /* LaunchScreen.storyboard */; };
		82DF86E021EF786200A9E13A /* Photo.swift in Sources */ = {isa = PBXBuildFile; fileRef = 82DF86DF21EF786200A9E13A /* Photo.swift */; };
		82DF86E221EF78B300A9E13A /* PhotoController.swift in Sources */ = {isa = PBXBuildFile; fileRef = 82DF86E121EF78B300A9E13A /* PhotoController.swift */; };
		82DF86E421EF7CD000A9E13A /* ThemeHelper.swift in Sources */ = {isa = PBXBuildFile; fileRef = 82DF86E321EF7CD000A9E13A /* ThemeHelper.swift */; };
		82DF86E621EF7F8600A9E13A /* PhotosCollectionViewController.swift in Sources */ = {isa = PBXBuildFile; fileRef = 82DF86E521EF7F8600A9E13A /* PhotosCollectionViewController.swift */; };
		82DF86E921EF806D00A9E13A /* PhotosCollectionViewCell.swift in Sources */ = {isa = PBXBuildFile; fileRef = 82DF86E821EF806D00A9E13A /* PhotosCollectionViewCell.swift */; };
		82DF86EB21EF831C00A9E13A /* PhotoDetailViewController.swift in Sources */ = {isa = PBXBuildFile; fileRef = 82DF86EA21EF831C00A9E13A /* PhotoDetailViewController.swift */; };
		82DF86ED21EF866B00A9E13A /* ThemeSelectionViewController.swift in Sources */ = {isa = PBXBuildFile; fileRef = 82DF86EC21EF866B00A9E13A /* ThemeSelectionViewController.swift */; };
/* End PBXBuildFile section */

/* Begin PBXFileReference section */
		82DF86CA21EF780A00A9E13A /* MotoCollection.app */ = {isa = PBXFileReference; explicitFileType = wrapper.application; includeInIndex = 0; path = MotoCollection.app; sourceTree = BUILT_PRODUCTS_DIR; };
		82DF86CD21EF780A00A9E13A /* AppDelegate.swift */ = {isa = PBXFileReference; lastKnownFileType = sourcecode.swift; path = AppDelegate.swift; sourceTree = "<group>"; };
		82DF86D221EF780A00A9E13A /* Base */ = {isa = PBXFileReference; lastKnownFileType = file.storyboard; name = Base; path = Base.lproj/Main.storyboard; sourceTree = "<group>"; };
		82DF86D421EF780B00A9E13A /* Assets.xcassets */ = {isa = PBXFileReference; lastKnownFileType = folder.assetcatalog; path = Assets.xcassets; sourceTree = "<group>"; };
		82DF86D721EF780B00A9E13A /* Base */ = {isa = PBXFileReference; lastKnownFileType = file.storyboard; name = Base; path = Base.lproj/LaunchScreen.storyboard; sourceTree = "<group>"; };
		82DF86D921EF780B00A9E13A /* Info.plist */ = {isa = PBXFileReference; lastKnownFileType = text.plist.xml; path = Info.plist; sourceTree = "<group>"; };
		82DF86DF21EF786200A9E13A /* Photo.swift */ = {isa = PBXFileReference; lastKnownFileType = sourcecode.swift; path = Photo.swift; sourceTree = "<group>"; };
		82DF86E121EF78B300A9E13A /* PhotoController.swift */ = {isa = PBXFileReference; lastKnownFileType = sourcecode.swift; path = PhotoController.swift; sourceTree = "<group>"; };
		82DF86E321EF7CD000A9E13A /* ThemeHelper.swift */ = {isa = PBXFileReference; lastKnownFileType = sourcecode.swift; path = ThemeHelper.swift; sourceTree = "<group>"; };
		82DF86E521EF7F8600A9E13A /* PhotosCollectionViewController.swift */ = {isa = PBXFileReference; lastKnownFileType = sourcecode.swift; path = PhotosCollectionViewController.swift; sourceTree = "<group>"; };
		82DF86E821EF806D00A9E13A /* PhotosCollectionViewCell.swift */ = {isa = PBXFileReference; lastKnownFileType = sourcecode.swift; path = PhotosCollectionViewCell.swift; sourceTree = "<group>"; };
		82DF86EA21EF831C00A9E13A /* PhotoDetailViewController.swift */ = {isa = PBXFileReference; lastKnownFileType = sourcecode.swift; path = PhotoDetailViewController.swift; sourceTree = "<group>"; };
		82DF86EC21EF866B00A9E13A /* ThemeSelectionViewController.swift */ = {isa = PBXFileReference; lastKnownFileType = sourcecode.swift; path = ThemeSelectionViewController.swift; sourceTree = "<group>"; };
/* End PBXFileReference section */

/* Begin PBXFrameworksBuildPhase section */
		82DF86C721EF780A00A9E13A /* Frameworks */ = {
			isa = PBXFrameworksBuildPhase;
			buildActionMask = 2147483647;
			files = (
			);
			runOnlyForDeploymentPostprocessing = 0;
		};
/* End PBXFrameworksBuildPhase section */

/* Begin PBXGroup section */
		82DF86C121EF780A00A9E13A = {
			isa = PBXGroup;
			children = (
				82DF86CC21EF780A00A9E13A /* MotoCollection */,
				82DF86CB21EF780A00A9E13A /* Products */,
			);
			sourceTree = "<group>";
		};
		82DF86CB21EF780A00A9E13A /* Products */ = {
			isa = PBXGroup;
			children = (
				82DF86CA21EF780A00A9E13A /* MotoCollection.app */,
			);
			name = Products;
			sourceTree = "<group>";
		};
		82DF86CC21EF780A00A9E13A /* MotoCollection */ = {
			isa = PBXGroup;
			children = (
				82DF86DF21EF786200A9E13A /* Photo.swift */,
				82DF86E121EF78B300A9E13A /* PhotoController.swift */,
				82DF86E321EF7CD000A9E13A /* ThemeHelper.swift */,
				82DF86E821EF806D00A9E13A /* PhotosCollectionViewCell.swift */,
				82DF86E521EF7F8600A9E13A /* PhotosCollectionViewController.swift */,
				82DF86EA21EF831C00A9E13A /* PhotoDetailViewController.swift */,
				82DF86EC21EF866B00A9E13A /* ThemeSelectionViewController.swift */,
				82DF86D121EF780A00A9E13A /* Main.storyboard */,
				82DF86E721EF7F9500A9E13A /* Resources */,
			);
			path = MotoCollection;
			sourceTree = "<group>";
		};
		82DF86E721EF7F9500A9E13A /* Resources */ = {
			isa = PBXGroup;
			children = (
				82DF86CD21EF780A00A9E13A /* AppDelegate.swift */,
				82DF86D421EF780B00A9E13A /* Assets.xcassets */,
				82DF86D621EF780B00A9E13A /* LaunchScreen.storyboard */,
				82DF86D921EF780B00A9E13A /* Info.plist */,
			);
			path = Resources;
			sourceTree = "<group>";
		};
/* End PBXGroup section */

/* Begin PBXNativeTarget section */
		82DF86C921EF780A00A9E13A /* MotoCollection */ = {
			isa = PBXNativeTarget;
			buildConfigurationList = 82DF86DC21EF780B00A9E13A /* Build configuration list for PBXNativeTarget "MotoCollection" */;
			buildPhases = (
				82DF86C621EF780A00A9E13A /* Sources */,
				82DF86C721EF780A00A9E13A /* Frameworks */,
				82DF86C821EF780A00A9E13A /* Resources */,
			);
			buildRules = (
			);
			dependencies = (
			);
			name = MotoCollection;
			productName = MotoCollection;
			productReference = 82DF86CA21EF780A00A9E13A /* MotoCollection.app */;
			productType = "com.apple.product-type.application";
		};
/* End PBXNativeTarget section */

/* Begin PBXProject section */
		82DF86C221EF780A00A9E13A /* Project object */ = {
			isa = PBXProject;
			attributes = {
				LastSwiftUpdateCheck = 1010;
				LastUpgradeCheck = 1010;
				ORGANIZATIONNAME = "Lambda School";
				TargetAttributes = {
					82DF86C921EF780A00A9E13A = {
						CreatedOnToolsVersion = 10.1;
					};
				};
			};
			buildConfigurationList = 82DF86C521EF780A00A9E13A /* Build configuration list for PBXProject "MotoCollection" */;
			compatibilityVersion = "Xcode 9.3";
			developmentRegion = en;
			hasScannedForEncodings = 0;
			knownRegions = (
				en,
				Base,
			);
			mainGroup = 82DF86C121EF780A00A9E13A;
			productRefGroup = 82DF86CB21EF780A00A9E13A /* Products */;
			projectDirPath = "";
			projectRoot = "";
			targets = (
				82DF86C921EF780A00A9E13A /* MotoCollection */,
			);
		};
/* End PBXProject section */

/* Begin PBXResourcesBuildPhase section */
		82DF86C821EF780A00A9E13A /* Resources */ = {
			isa = PBXResourcesBuildPhase;
			buildActionMask = 2147483647;
			files = (
				82DF86D821EF780B00A9E13A /* LaunchScreen.storyboard in Resources */,
				82DF86D521EF780B00A9E13A /* Assets.xcassets in Resources */,
				82DF86D321EF780A00A9E13A /* Main.storyboard in Resources */,
			);
			runOnlyForDeploymentPostprocessing = 0;
		};
/* End PBXResourcesBuildPhase section */

/* Begin PBXSourcesBuildPhase section */
		82DF86C621EF780A00A9E13A /* Sources */ = {
			isa = PBXSourcesBuildPhase;
			buildActionMask = 2147483647;
			files = (
				82DF86E021EF786200A9E13A /* Photo.swift in Sources */,
				82DF86ED21EF866B00A9E13A /* ThemeSelectionViewController.swift in Sources */,
				82DF86E221EF78B300A9E13A /* PhotoController.swift in Sources */,
				82DF86E421EF7CD000A9E13A /* ThemeHelper.swift in Sources */,
				82DF86EB21EF831C00A9E13A /* PhotoDetailViewController.swift in Sources */,
				82DF86E621EF7F8600A9E13A /* PhotosCollectionViewController.swift in Sources */,
				82DF86CE21EF780A00A9E13A /* AppDelegate.swift in Sources */,
				82DF86E921EF806D00A9E13A /* PhotosCollectionViewCell.swift in Sources */,
			);
			runOnlyForDeploymentPostprocessing = 0;
		};
/* End PBXSourcesBuildPhase section */

/* Begin PBXVariantGroup section */
		82DF86D121EF780A00A9E13A /* Main.storyboard */ = {
			isa = PBXVariantGroup;
			children = (
				82DF86D221EF780A00A9E13A /* Base */,
			);
			name = Main.storyboard;
			sourceTree = "<group>";
		};
		82DF86D621EF780B00A9E13A /* LaunchScreen.storyboard */ = {
			isa = PBXVariantGroup;
			children = (
				82DF86D721EF780B00A9E13A /* Base */,
			);
			name = LaunchScreen.storyboard;
			sourceTree = "<group>";
		};
/* End PBXVariantGroup section */

/* Begin XCBuildConfiguration section */
		82DF86DA21EF780B00A9E13A /* Debug */ = {
			isa = XCBuildConfiguration;
			buildSettings = {
				ALWAYS_SEARCH_USER_PATHS = NO;
				CLANG_ANALYZER_NONNULL = YES;
				CLANG_ANALYZER_NUMBER_OBJECT_CONVERSION = YES_AGGRESSIVE;
				CLANG_CXX_LANGUAGE_STANDARD = "gnu++14";
				CLANG_CXX_LIBRARY = "libc++";
				CLANG_ENABLE_MODULES = YES;
				CLANG_ENABLE_OBJC_ARC = YES;
				CLANG_ENABLE_OBJC_WEAK = YES;
				CLANG_WARN_BLOCK_CAPTURE_AUTORELEASING = YES;
				CLANG_WARN_BOOL_CONVERSION = YES;
				CLANG_WARN_COMMA = YES;
				CLANG_WARN_CONSTANT_CONVERSION = YES;
				CLANG_WARN_DEPRECATED_OBJC_IMPLEMENTATIONS = YES;
				CLANG_WARN_DIRECT_OBJC_ISA_USAGE = YES_ERROR;
				CLANG_WARN_DOCUMENTATION_COMMENTS = YES;
				CLANG_WARN_EMPTY_BODY = YES;
				CLANG_WARN_ENUM_CONVERSION = YES;
				CLANG_WARN_INFINITE_RECURSION = YES;
				CLANG_WARN_INT_CONVERSION = YES;
				CLANG_WARN_NON_LITERAL_NULL_CONVERSION = YES;
				CLANG_WARN_OBJC_IMPLICIT_RETAIN_SELF = YES;
				CLANG_WARN_OBJC_LITERAL_CONVERSION = YES;
				CLANG_WARN_OBJC_ROOT_CLASS = YES_ERROR;
				CLANG_WARN_RANGE_LOOP_ANALYSIS = YES;
				CLANG_WARN_STRICT_PROTOTYPES = YES;
				CLANG_WARN_SUSPICIOUS_MOVE = YES;
				CLANG_WARN_UNGUARDED_AVAILABILITY = YES_AGGRESSIVE;
				CLANG_WARN_UNREACHABLE_CODE = YES;
				CLANG_WARN__DUPLICATE_METHOD_MATCH = YES;
				CODE_SIGN_IDENTITY = "iPhone Developer";
				COPY_PHASE_STRIP = NO;
				DEBUG_INFORMATION_FORMAT = dwarf;
				ENABLE_STRICT_OBJC_MSGSEND = YES;
				ENABLE_TESTABILITY = YES;
				GCC_C_LANGUAGE_STANDARD = gnu11;
				GCC_DYNAMIC_NO_PIC = NO;
				GCC_NO_COMMON_BLOCKS = YES;
				GCC_OPTIMIZATION_LEVEL = 0;
				GCC_PREPROCESSOR_DEFINITIONS = (
					"DEBUG=1",
					"$(inherited)",
				);
				GCC_WARN_64_TO_32_BIT_CONVERSION = YES;
				GCC_WARN_ABOUT_RETURN_TYPE = YES_ERROR;
				GCC_WARN_UNDECLARED_SELECTOR = YES;
				GCC_WARN_UNINITIALIZED_AUTOS = YES_AGGRESSIVE;
				GCC_WARN_UNUSED_FUNCTION = YES;
				GCC_WARN_UNUSED_VARIABLE = YES;
				IPHONEOS_DEPLOYMENT_TARGET = 12.1;
				MTL_ENABLE_DEBUG_INFO = INCLUDE_SOURCE;
				MTL_FAST_MATH = YES;
				ONLY_ACTIVE_ARCH = YES;
				SDKROOT = iphoneos;
				SWIFT_ACTIVE_COMPILATION_CONDITIONS = DEBUG;
				SWIFT_OPTIMIZATION_LEVEL = "-Onone";
			};
			name = Debug;
		};
		82DF86DB21EF780B00A9E13A /* Release */ = {
			isa = XCBuildConfiguration;
			buildSettings = {
				ALWAYS_SEARCH_USER_PATHS = NO;
				CLANG_ANALYZER_NONNULL = YES;
				CLANG_ANALYZER_NUMBER_OBJECT_CONVERSION = YES_AGGRESSIVE;
				CLANG_CXX_LANGUAGE_STANDARD = "gnu++14";
				CLANG_CXX_LIBRARY = "libc++";
				CLANG_ENABLE_MODULES = YES;
				CLANG_ENABLE_OBJC_ARC = YES;
				CLANG_ENABLE_OBJC_WEAK = YES;
				CLANG_WARN_BLOCK_CAPTURE_AUTORELEASING = YES;
				CLANG_WARN_BOOL_CONVERSION = YES;
				CLANG_WARN_COMMA = YES;
				CLANG_WARN_CONSTANT_CONVERSION = YES;
				CLANG_WARN_DEPRECATED_OBJC_IMPLEMENTATIONS = YES;
				CLANG_WARN_DIRECT_OBJC_ISA_USAGE = YES_ERROR;
				CLANG_WARN_DOCUMENTATION_COMMENTS = YES;
				CLANG_WARN_EMPTY_BODY = YES;
				CLANG_WARN_ENUM_CONVERSION = YES;
				CLANG_WARN_INFINITE_RECURSION = YES;
				CLANG_WARN_INT_CONVERSION = YES;
				CLANG_WARN_NON_LITERAL_NULL_CONVERSION = YES;
				CLANG_WARN_OBJC_IMPLICIT_RETAIN_SELF = YES;
				CLANG_WARN_OBJC_LITERAL_CONVERSION = YES;
				CLANG_WARN_OBJC_ROOT_CLASS = YES_ERROR;
				CLANG_WARN_RANGE_LOOP_ANALYSIS = YES;
				CLANG_WARN_STRICT_PROTOTYPES = YES;
				CLANG_WARN_SUSPICIOUS_MOVE = YES;
				CLANG_WARN_UNGUARDED_AVAILABILITY = YES_AGGRESSIVE;
				CLANG_WARN_UNREACHABLE_CODE = YES;
				CLANG_WARN__DUPLICATE_METHOD_MATCH = YES;
				CODE_SIGN_IDENTITY = "iPhone Developer";
				COPY_PHASE_STRIP = NO;
				DEBUG_INFORMATION_FORMAT = "dwarf-with-dsym";
				ENABLE_NS_ASSERTIONS = NO;
				ENABLE_STRICT_OBJC_MSGSEND = YES;
				GCC_C_LANGUAGE_STANDARD = gnu11;
				GCC_NO_COMMON_BLOCKS = YES;
				GCC_WARN_64_TO_32_BIT_CONVERSION = YES;
				GCC_WARN_ABOUT_RETURN_TYPE = YES_ERROR;
				GCC_WARN_UNDECLARED_SELECTOR = YES;
				GCC_WARN_UNINITIALIZED_AUTOS = YES_AGGRESSIVE;
				GCC_WARN_UNUSED_FUNCTION = YES;
				GCC_WARN_UNUSED_VARIABLE = YES;
				IPHONEOS_DEPLOYMENT_TARGET = 12.1;
				MTL_ENABLE_DEBUG_INFO = NO;
				MTL_FAST_MATH = YES;
				SDKROOT = iphoneos;
				SWIFT_COMPILATION_MODE = wholemodule;
				SWIFT_OPTIMIZATION_LEVEL = "-O";
				VALIDATE_PRODUCT = YES;
			};
			name = Release;
		};
		82DF86DD21EF780B00A9E13A /* Debug */ = {
			isa = XCBuildConfiguration;
			buildSettings = {
				ASSETCATALOG_COMPILER_APPICON_NAME = AppIcon;
				CODE_SIGN_STYLE = Automatic;
				INFOPLIST_FILE = "$(SRCROOT)/MotoCollection/Resources/Info.plist";
				LD_RUNPATH_SEARCH_PATHS = (
					"$(inherited)",
					"@executable_path/Frameworks",
				);
				PRODUCT_BUNDLE_IDENTIFIER = com.lambdaschool.MotoCollection;
				PRODUCT_NAME = "$(TARGET_NAME)";
				SWIFT_VERSION = 4.2;
				TARGETED_DEVICE_FAMILY = "1,2";
			};
			name = Debug;
		};
		82DF86DE21EF780B00A9E13A /* Release */ = {
			isa = XCBuildConfiguration;
			buildSettings = {
				ASSETCATALOG_COMPILER_APPICON_NAME = AppIcon;
				CODE_SIGN_STYLE = Automatic;
				INFOPLIST_FILE = "$(SRCROOT)/MotoCollection/Resources/Info.plist";
				LD_RUNPATH_SEARCH_PATHS = (
					"$(inherited)",
					"@executable_path/Frameworks",
				);
				PRODUCT_BUNDLE_IDENTIFIER = com.lambdaschool.MotoCollection;
				PRODUCT_NAME = "$(TARGET_NAME)";
				SWIFT_VERSION = 4.2;
				TARGETED_DEVICE_FAMILY = "1,2";
			};
			name = Release;
		};
/* End XCBuildConfiguration section */

/* Begin XCConfigurationList section */
		82DF86C521EF780A00A9E13A /* Build configuration list for PBXProject "MotoCollection" */ = {
			isa = XCConfigurationList;
			buildConfigurations = (
				82DF86DA21EF780B00A9E13A /* Debug */,
				82DF86DB21EF780B00A9E13A /* Release */,
			);
			defaultConfigurationIsVisible = 0;
			defaultConfigurationName = Release;
		};
		82DF86DC21EF780B00A9E13A /* Build configuration list for PBXNativeTarget "MotoCollection" */ = {
			isa = XCConfigurationList;
			buildConfigurations = (
				82DF86DD21EF780B00A9E13A /* Debug */,
				82DF86DE21EF780B00A9E13A /* Release */,
			);
			defaultConfigurationIsVisible = 0;
			defaultConfigurationName = Release;
		};
/* End XCConfigurationList section */
	};
	rootObject = 82DF86C221EF780A00A9E13A /* Project object */;
}
